
Microsoft Visual Studio Solution File, Format Version 12.00
# Visual Studio Version 17
VisualStudioVersion = 17.2.32526.322
MinimumVisualStudioVersion = 10.0.40219.1
Project("{FAE04EC0-301F-11D3-BF4B-00C04F79EFBC}") = "Project_World_2.0", "Project_World_2.0\Project_World_2.0.csproj", "{CC27C3A7-17B1-4760-AF31-E6265EE5FC4C}"
EndProject
Global
	GlobalSection(SolutionConfigurationPlatforms) = preSolution
		Debug|Any CPU = Debug|Any CPU
		Release|Any CPU = Release|Any CPU
	EndGlobalSection
	GlobalSection(ProjectConfigurationPlatforms) = postSolution
		{CC27C3A7-17B1-4760-AF31-E6265EE5FC4C}.Debug|Any CPU.ActiveCfg = Debug|Any CPU
		{CC27C3A7-17B1-4760-AF31-E6265EE5FC4C}.Debug|Any CPU.Build.0 = Debug|Any CPU
		{CC27C3A7-17B1-4760-AF31-E6265EE5FC4C}.Release|Any CPU.ActiveCfg = Release|Any CPU
		{CC27C3A7-17B1-4760-AF31-E6265EE5FC4C}.Release|Any CPU.Build.0 = Release|Any CPU
	EndGlobalSection
	GlobalSection(SolutionProperties) = preSolution
		HideSolutionNode = FALSE
	EndGlobalSection
	GlobalSection(ExtensibilityGlobals) = postSolution
		SolutionGuid = {4887BD5D-B39C-406D-99DE-6969CDCFD7B5}
	EndGlobalSection
EndGlobal
